
Microsoft Visual Studio Solution File, Format Version 12.00
# Visual Studio 15
VisualStudioVersion = 15.0.28307.329
MinimumVisualStudioVersion = 10.0.40219.1
Project("{FAE04EC0-301F-11D3-BF4B-00C04F79EFBC}") = "DotNetTranslator", "DotNetTranslator\DotNetTranslator.csproj", "{EA232272-3A3B-4AF9-92E7-EAD7712CD447}"
EndProject
Project("{FAE04EC0-301F-11D3-BF4B-00C04F79EFBC}") = "DotNetTranslator.NativeTest", "DotNetTranslator.NativeTest\DotNetTranslator.NativeTest.csproj", "{FEFD549C-310E-467D-8869-1F38B8D92469}"
EndProject
Project("{FAE04EC0-301F-11D3-BF4B-00C04F79EFBC}") = "WinFormsTest", "WinFormsTest\WinFormsTest.csproj", "{F5611517-3FE8-4C55-AD21-2E31D38B78EE}"
EndProject
Project("{FAE04EC0-301F-11D3-BF4B-00C04F79EFBC}") = "WPFTest", "WPFTest\WPFTest.csproj", "{83708DDC-A97C-4A3D-8DFC-8DD1AB047E2C}"
EndProject
Global
	GlobalSection(SolutionConfigurationPlatforms) = preSolution
		Debug|Any CPU = Debug|Any CPU
		Release|Any CPU = Release|Any CPU
	EndGlobalSection
	GlobalSection(ProjectConfigurationPlatforms) = postSolution
		{EA232272-3A3B-4AF9-92E7-EAD7712CD447}.Debug|Any CPU.ActiveCfg = Debug|Any CPU
		{EA232272-3A3B-4AF9-92E7-EAD7712CD447}.Debug|Any CPU.Build.0 = Debug|Any CPU
		{EA232272-3A3B-4AF9-92E7-EAD7712CD447}.Release|Any CPU.ActiveCfg = Release|Any CPU
		{EA232272-3A3B-4AF9-92E7-EAD7712CD447}.Release|Any CPU.Build.0 = Release|Any CPU
		{FEFD549C-310E-467D-8869-1F38B8D92469}.Debug|Any CPU.ActiveCfg = Debug|Any CPU
		{FEFD549C-310E-467D-8869-1F38B8D92469}.Debug|Any CPU.Build.0 = Debug|Any CPU
		{FEFD549C-310E-467D-8869-1F38B8D92469}.Release|Any CPU.ActiveCfg = Release|Any CPU
		{FEFD549C-310E-467D-8869-1F38B8D92469}.Release|Any CPU.Build.0 = Release|Any CPU
		{F5611517-3FE8-4C55-AD21-2E31D38B78EE}.Debug|Any CPU.ActiveCfg = Debug|Any CPU
		{F5611517-3FE8-4C55-AD21-2E31D38B78EE}.Debug|Any CPU.Build.0 = Debug|Any CPU
		{F5611517-3FE8-4C55-AD21-2E31D38B78EE}.Release|Any CPU.ActiveCfg = Release|Any CPU
		{F5611517-3FE8-4C55-AD21-2E31D38B78EE}.Release|Any CPU.Build.0 = Release|Any CPU
		{83708DDC-A97C-4A3D-8DFC-8DD1AB047E2C}.Debug|Any CPU.ActiveCfg = Debug|Any CPU
		{83708DDC-A97C-4A3D-8DFC-8DD1AB047E2C}.Debug|Any CPU.Build.0 = Debug|Any CPU
		{83708DDC-A97C-4A3D-8DFC-8DD1AB047E2C}.Release|Any CPU.ActiveCfg = Release|Any CPU
		{83708DDC-A97C-4A3D-8DFC-8DD1AB047E2C}.Release|Any CPU.Build.0 = Release|Any CPU
	EndGlobalSection
	GlobalSection(SolutionProperties) = preSolution
		HideSolutionNode = FALSE
	EndGlobalSection
	GlobalSection(ExtensibilityGlobals) = postSolution
		SolutionGuid = {F6D97EBB-E892-4008-A95F-E77D90C5BD3F}
	EndGlobalSection
EndGlobal
